{
  "name": "appendix-source-code",
  "lockfileVersion": 3,
  "requires": true,
  "packages": {
    "": {
      "devDependencies": {
        "prettier": "^3.5.3",
        "prettier-plugin-terraform-formatter": "^1.2.1"
      }
    },
    "node_modules/prettier": {
      "version": "3.5.3",
      "resolved": "https://registry.npmjs.org/prettier/-/prettier-3.5.3.tgz",
      "integrity": "sha512-QQtaxnoDJeAkDvDKWCLiwIXkTgRhwYDEQCghU9Z6q03iyek/rxRh/2lC3HB7P8sWT2xC/y5JDctPLBIGzHKbhw==",
      "dev": true,
      "bin": {
        "prettier": "bin/prettier.cjs"
      },
      "engines": {
        "node": ">=14"
      },
      "funding": {
        "url": "https://github.com/prettier/prettier?sponsor=1"
      }
    },
    "node_modules/prettier-plugin-terraform-formatter": {
      "version": "1.2.1",
      "resolved": "https://registry.npmjs.org/prettier-plugin-terraform-formatter/-/prettier-plugin-terraform-formatter-1.2.1.tgz",
      "integrity": "sha512-rdzV61Bs/Ecnn7uAS/vL5usTX8xUWM+nQejNLZxt3I1kJH5WSeLEmq7LYu1wCoEQF+y7Uv1xGvPRfl3lIe6+tA==",
      "dev": true,
      "peerDependencies": {
        "prettier": ">= 1.16.0"
      },
      "peerDependenciesMeta": {
        "prettier": {
          "optional": true
        }
      }
    }
  }
}
